<Solution>
  <Folder Name="/src/">
    <Project Path="src/M3U8Downloader.App/M3U8Downloader.App.csproj">
      <Platform Project="x86" />
    </Project>
    <Project Path="src/M3U8Downloader.Core/M3U8Downloader.Core.csproj" />
  </Folder>
  <Folder Name="/tests/">
    <Project Path="tests/M3U8Downloader.SelfTest/M3U8Downloader.SelfTest.csproj" />
  </Folder>
</Solution>
